
Microsoft Visual Studio Solution File, Format Version 12.00
# Visual Studio Version 17
VisualStudioVersion = 17.4.33213.308
MinimumVisualStudioVersion = 10.0.40219.1
Project("{FAE04EC0-301F-11D3-BF4B-00C04F79EFBC}") = "FinanzaPersonalApp", "FinanzaPersonalApp\FinanzaPersonalApp.csproj", "{AED8C3FC-C7FA-4695-A715-85F8D753EE19}"
EndProject
Global
	GlobalSection(SolutionConfigurationPlatforms) = preSolution
		Debug|Any CPU = Debug|Any CPU
		Release|Any CPU = Release|Any CPU
	EndGlobalSection
	GlobalSection(ProjectConfigurationPlatforms) = postSolution
		{AED8C3FC-C7FA-4695-A715-85F8D753EE19}.Debug|Any CPU.ActiveCfg = Debug|Any CPU
		{AED8C3FC-C7FA-4695-A715-85F8D753EE19}.Debug|Any CPU.Build.0 = Debug|Any CPU
		{AED8C3FC-C7FA-4695-A715-85F8D753EE19}.Release|Any CPU.ActiveCfg = Release|Any CPU
		{AED8C3FC-C7FA-4695-A715-85F8D753EE19}.Release|Any CPU.Build.0 = Release|Any CPU
	EndGlobalSection
	GlobalSection(SolutionProperties) = preSolution
		HideSolutionNode = FALSE
	EndGlobalSection
	GlobalSection(ExtensibilityGlobals) = postSolution
		SolutionGuid = {0A46F7A3-208D-4F42-A412-6065AE5F5A6E}
	EndGlobalSection
EndGlobal
